{
    "_readme": [
        "This file locks the dependencies of your project to a known state",
        "Read more about it at https://getcomposer.org/doc/01-basic-usage.md#installing-dependencies",
        "This file is @generated automatically"
    ],
    "content-hash": "b1c96bbff3531fa6fd87f43483f2e702",
    "packages": [
        {
            "name": "simonbackx/slack-php-webhook",
            "version": "1.0.3",
            "source": {
                "type": "git",
                "url": "https://github.com/SimonBackx/Slack-PHP-Webhook.git",
                "reference": "7972d875c71b88714c75cf2cab7f7e68dbf4aed9"
            },
            "dist": {
                "type": "zip",
                "url": "https://api.github.com/repos/SimonBackx/Slack-PHP-Webhook/zipball/7972d875c71b88714c75cf2cab7f7e68dbf4aed9",
                "reference": "7972d875c71b88714c75cf2cab7f7e68dbf4aed9",
                "shasum": ""
            },
            "type": "library",
            "autoload": {
                "files": [
                    "slack.php"
                ]
            },
            "notification-url": "https://packagist.org/downloads/",
            "license": [
                "MIT"
            ],
            "authors": [
                {
                    "name": "Simon Backx",
                    "email": "hi@simonbackx.com",
                    "homepage": "https://www.simonbackx.com",
                    "role": "Developer"
                }
            ],
            "description": "Post messages to your Slack channels with this easy to use library.",
            "homepage": "https://github.com/SimonBackx/Slack-PHP-Webhook",
            "keywords": [
                "channels",
                "logging",
                "message",
                "slack",
                "webhook"
            ],
            "support": {
                "issues": "https://github.com/SimonBackx/Slack-PHP-Webhook/issues",
                "source": "https://github.com/SimonBackx/Slack-PHP-Webhook"
            },
            "time": "2018-06-12T09:18:00+00:00"
        }
    ],
    "packages-dev": [],
    "aliases": [],
    "minimum-stability": "stable",
    "stability-flags": [],
    "prefer-stable": false,
    "prefer-lowest": false,
    "platform": [],
    "platform-dev": [],
    "plugin-api-version": "2.1.0"
}
